{
  "name": "neon-rs",
  "version": "0.0.121",
  "lockfileVersion": 3,
  "requires": true,
  "packages": {
    "": {
      "name": "neon-rs",
      "version": "0.0.121",
      "devDependencies": {
        "@neon-rs/cli": "^0.0.121",
        "cross-os": "^1.5.0"
      }
    },
    "node_modules/@cargo-messages/android-arm-eabi": {
      "version": "0.0.76",
      "resolved": "https://registry.npmjs.org/@cargo-messages/android-arm-eabi/-/android-arm-eabi-0.0.76.tgz",
      "integrity": "sha512-rSNHd8K07PFmBv4SV9r9WfSu+YYKyl8uDCnv8lQRG7JMR70XR8RZy6wcbZDjn8p/c7GLb7Hnn6MaRQC9hphz5Q==",
      "cpu": [
        "arm"
      ],
      "dev": true,
      "optional": true,
      "os": [
        "android"
      ]
    },
    "node_modules/@cargo-messages/darwin-arm64": {
      "version": "0.0.76",
      "resolved": "https://registry.npmjs.org/@cargo-messages/darwin-arm64/-/darwin-arm64-0.0.76.tgz",
      "integrity": "sha512-dQqUASeD9B3Rg/23gJBvbiLpuSy2OJh9PdRn4Bye4IA00uwgRMA/Vr9GZrx2jMPPTz3CXi6tOS2aVorFeFIJnQ==",
      "cpu": [
        "arm64"
      ],
      "dev": true,
      "optional": true,
      "os": [
        "darwin"
      ]
    },
    "node_modules/@cargo-messages/darwin-x64": {
      "version": "0.0.76",
      "resolved": "https://registry.npmjs.org/@cargo-messages/darwin-x64/-/darwin-x64-0.0.76.tgz",
      "integrity": "sha512-XfmtAFiuF1RKONm64PPpD3zRagGYHuFbv+jFzegAtZLjJeF+u6mLsWPNgOF8ceCe91hkZeSSKUSkObMnbBAcFQ==",
      "cpu": [
        "x64"
      ],
      "dev": true,
      "optional": true,
      "os": [
        "darwin"
      ]
    },
    "node_modules/@cargo-messages/linux-arm-gnueabihf": {
      "version": "0.0.76",
      "resolved": "https://registry.npmjs.org/@cargo-messages/linux-arm-gnueabihf/-/linux-arm-gnueabihf-0.0.76.tgz",
      "integrity": "sha512-EkmYpADCB2oLFhR/u9vUpfyDIM445Xy7Gm9duAZdTHnjEnamexnCQ6wqJ6MXs6OnIFPqrl3rZgtoGpQYterULg==",
      "cpu": [
        "arm"
      ],
      "dev": true,
      "optional": true,
      "os": [
        "linux"
      ]
    },
    "node_modules/@cargo-messages/linux-x64-gnu": {
      "version": "0.0.76",
      "resolved": "https://registry.npmjs.org/@cargo-messages/linux-x64-gnu/-/linux-x64-gnu-0.0.76.tgz",
      "integrity": "sha512-ZP545Gxnedton01wbtMln4IyCcAK8/hXa85ek1kffeUsMk0xyOHa+I1/A56s9yNvTqXUDQSUfhJjR3e2PahHNQ==",
      "cpu": [
        "x64"
      ],
      "dev": true,
      "optional": true,
      "os": [
        "linux"
      ]
    },
    "node_modules/@cargo-messages/win32-arm64-msvc": {
      "version": "0.0.76",
      "resolved": "https://registry.npmjs.org/@cargo-messages/win32-arm64-msvc/-/win32-arm64-msvc-0.0.76.tgz",
      "integrity": "sha512-0tI8m3laRDe/ZzWBAe5mozioONPXpyTGXeg0ysJRsbsF9iLRi0+rx4JcUt9c29IA+q8iXLE6s0Ud0OG0B6QM2A==",
      "cpu": [
        "arm64"
      ],
      "dev": true,
      "optional": true,
      "os": [
        "win32"
      ]
    },
    "node_modules/@cargo-messages/win32-x64-msvc": {
      "version": "0.0.76",
      "resolved": "https://registry.npmjs.org/@cargo-messages/win32-x64-msvc/-/win32-x64-msvc-0.0.76.tgz",
      "integrity": "sha512-HxjFAlt6GEbRrsaXd12ka5i6pgVf/HNephF9fd9ZHlCcq0OriuulPHLNcmGgcP91+FhWldXVd/ew9tDIsEIzxg==",
      "cpu": [
        "x64"
      ],
      "dev": true,
      "optional": true,
      "os": [
        "win32"
      ]
    },
    "node_modules/@neon-rs/cli": {
      "version": "0.0.121",
      "resolved": "https://registry.npmjs.org/@neon-rs/cli/-/cli-0.0.121.tgz",
      "integrity": "sha512-Qpc7vL9vbsHLWZ8fwqau2PfIEHuzQLtpSThzaveUUZ9U68quXBo3MfNKEwMPQJJEsbYA7yigwNpHezUESc3g6A==",
      "dev": true,
      "bin": {
        "neon": "index.js"
      },
      "optionalDependencies": {
        "@cargo-messages/android-arm-eabi": "0.0.76",
        "@cargo-messages/darwin-arm64": "0.0.76",
        "@cargo-messages/darwin-x64": "0.0.76",
        "@cargo-messages/linux-arm-gnueabihf": "0.0.76",
        "@cargo-messages/linux-x64-gnu": "0.0.76",
        "@cargo-messages/win32-arm64-msvc": "0.0.76",
        "@cargo-messages/win32-x64-msvc": "0.0.76"
      }
    },
    "node_modules/cross-os": {
      "version": "1.5.0",
      "resolved": "https://registry.npmjs.org/cross-os/-/cross-os-1.5.0.tgz",
      "integrity": "sha512-zjiZPGuzghQzjcymlI7oUh5iDCRlhfi9UBqkCmqxnnx/5B+K1+BgIm0YU+fua7GC+RoeywS0qsoEavRM+Kahxw==",
      "dev": true,
      "bin": {
        "cross-os": "source/index.js"
      }
    }
  }
}
