{
  "name": "neon-rs",
  "version": "0.0.118",
  "lockfileVersion": 3,
  "requires": true,
  "packages": {
    "": {
      "name": "neon-rs",
      "version": "0.0.118",
      "devDependencies": {
        "cross-os": "^1.5.0"
      }
    },
    "node_modules/cross-os": {
      "version": "1.5.0",
      "resolved": "https://registry.npmjs.org/cross-os/-/cross-os-1.5.0.tgz",
      "integrity": "sha512-zjiZPGuzghQzjcymlI7oUh5iDCRlhfi9UBqkCmqxnnx/5B+K1+BgIm0YU+fua7GC+RoeywS0qsoEavRM+Kahxw==",
      "dev": true,
      "bin": {
        "cross-os": "source/index.js"
      }
    }
  }
}
