{
  "name": "pkgs",
  "version": "0.0.182",
  "lockfileVersion": 3,
  "requires": true,
  "packages": {
    "": {
      "name": "pkgs",
      "version": "0.0.182",
      "workspaces": [
        "install",
        "load",
        "cli",
        "cargo-messages"
      ],
      "devDependencies": {
        "@neon-rs/cli": "^0.0.168"
      }
    },
    "cargo-messages": {
      "version": "0.0.182",
      "license": "MIT",
      "dependencies": {
        "@neon-rs/load": "^0.0.177"
      },
      "devDependencies": {
        "@neon-rs/cli": "^0.0.177"
      },
      "optionalDependencies": {
        "@cargo-messages/android-arm-eabi": "0.0.177",
        "@cargo-messages/darwin-arm64": "0.0.177",
        "@cargo-messages/darwin-x64": "0.0.177",
        "@cargo-messages/linux-arm-gnueabihf": "0.0.177",
        "@cargo-messages/linux-x64-gnu": "0.0.177",
        "@cargo-messages/win32-arm64-msvc": "0.0.177",
        "@cargo-messages/win32-x64-msvc": "0.0.177"
      }
    },
    "cargo-messages/node_modules/@neon-rs/cli": {
      "version": "0.0.177",
      "resolved": "https://registry.npmjs.org/@neon-rs/cli/-/cli-0.0.177.tgz",
      "integrity": "sha512-7NyJxp2CvvSweiJBVxoC3pyfyi883Aq1Rt6HfyltZQOb78tNeUc3SVYuSFD34Gqmul03KZ42simGPdw5wDTaWA==",
      "dev": true,
      "bin": {
        "neon": "index.js"
      },
      "optionalDependencies": {
        "@cargo-messages/android-arm-eabi": "0.0.177",
        "@cargo-messages/darwin-arm64": "0.0.177",
        "@cargo-messages/darwin-x64": "0.0.177",
        "@cargo-messages/linux-arm-gnueabihf": "0.0.177",
        "@cargo-messages/linux-x64-gnu": "0.0.177",
        "@cargo-messages/win32-arm64-msvc": "0.0.177",
        "@cargo-messages/win32-x64-msvc": "0.0.177"
      }
    },
    "cargo-messages/node_modules/@neon-rs/load": {
      "version": "0.0.177",
      "resolved": "https://registry.npmjs.org/@neon-rs/load/-/load-0.0.177.tgz",
      "integrity": "sha512-J8OG1kHqF5YXJNLyiWekKZukBvx1INz1s85UH6yRzcXOXgPiXE0bTY1qSFdlDgVO9oQ3WZMOGUbhGO/ox2vm3Q=="
    },
    "cli": {
      "name": "@neon-rs/cli",
      "version": "0.0.182",
      "license": "MIT",
      "bin": {
        "neon": "index.js"
      },
      "optionalDependencies": {
        "@cargo-messages/android-arm-eabi": "0.0.181",
        "@cargo-messages/darwin-arm64": "0.0.181",
        "@cargo-messages/darwin-x64": "0.0.181",
        "@cargo-messages/linux-arm-gnueabihf": "0.0.181",
        "@cargo-messages/linux-x64-gnu": "0.0.181",
        "@cargo-messages/win32-arm64-msvc": "0.0.181",
        "@cargo-messages/win32-x64-msvc": "0.0.181"
      }
    },
    "cli/node_modules/@cargo-messages/android-arm-eabi": {
      "version": "0.0.181",
      "resolved": "https://registry.npmjs.org/@cargo-messages/android-arm-eabi/-/android-arm-eabi-0.0.181.tgz",
      "integrity": "sha512-FlBx4ECybiKt0HldMGXrAggv+kmOPnaOoJQyG73qF+k52A/TIfzNKgSNQAq7CeefN5xgIDzwEaZavuw+hisQRw==",
      "cpu": [
        "arm"
      ],
      "optional": true,
      "os": [
        "android"
      ]
    },
    "cli/node_modules/@cargo-messages/darwin-arm64": {
      "version": "0.0.181",
      "resolved": "https://registry.npmjs.org/@cargo-messages/darwin-arm64/-/darwin-arm64-0.0.181.tgz",
      "integrity": "sha512-p9yGCbue0xt4iP/B+MSVUg38XPPWGuF5gSnhAZHuwNoo8IduTs86xcgvNprp+gox9rmnWeJd9h+cIdLrH0BEIA==",
      "cpu": [
        "arm64"
      ],
      "optional": true,
      "os": [
        "darwin"
      ]
    },
    "cli/node_modules/@cargo-messages/darwin-x64": {
      "version": "0.0.181",
      "resolved": "https://registry.npmjs.org/@cargo-messages/darwin-x64/-/darwin-x64-0.0.181.tgz",
      "integrity": "sha512-MC4fyvIBzk6hzAALlefA9S2dLQRHLcDIvO4hiiCojeei1YrabuMSMUC8Sa8f9Kp49FugyYIn1p0T167U+1HOOQ==",
      "cpu": [
        "x64"
      ],
      "optional": true,
      "os": [
        "darwin"
      ]
    },
    "cli/node_modules/@cargo-messages/linux-arm-gnueabihf": {
      "version": "0.0.181",
      "resolved": "https://registry.npmjs.org/@cargo-messages/linux-arm-gnueabihf/-/linux-arm-gnueabihf-0.0.181.tgz",
      "integrity": "sha512-kcHo44OewuTJT0Rf/TFVoPb/FPMDBbn1MepMHcNm2MltXywyI2lmE1ijoN4bqgSyLtuwyqcFXOOXW236CkHhDA==",
      "cpu": [
        "arm"
      ],
      "optional": true,
      "os": [
        "linux"
      ]
    },
    "cli/node_modules/@cargo-messages/linux-x64-gnu": {
      "version": "0.0.181",
      "resolved": "https://registry.npmjs.org/@cargo-messages/linux-x64-gnu/-/linux-x64-gnu-0.0.181.tgz",
      "integrity": "sha512-yuksf5TzT3/itDqGf8j8WJfklJWy+0qLPRu8h7wvJnSj1Hmsj8qSiDRM8mIE0NqIRFnNr2zH0uyG2mQBGCKb3A==",
      "cpu": [
        "x64"
      ],
      "optional": true,
      "os": [
        "linux"
      ]
    },
    "cli/node_modules/@cargo-messages/win32-arm64-msvc": {
      "version": "0.0.181",
      "resolved": "https://registry.npmjs.org/@cargo-messages/win32-arm64-msvc/-/win32-arm64-msvc-0.0.181.tgz",
      "integrity": "sha512-J5yZdMiLKdfhzy2mwouzxoQwbTE0AR9xIecsYSxs3S+Twr2suMOBJ3T5ak9hFm1IsE+JpWSAUtGjFpnWU6cogg==",
      "cpu": [
        "arm64"
      ],
      "optional": true,
      "os": [
        "win32"
      ]
    },
    "cli/node_modules/@cargo-messages/win32-x64-msvc": {
      "version": "0.0.181",
      "resolved": "https://registry.npmjs.org/@cargo-messages/win32-x64-msvc/-/win32-x64-msvc-0.0.181.tgz",
      "integrity": "sha512-XgqZIs4OXDfxdwVp9tWzVjyg3X9NeK/UuprBHkxPZOQ+ZfkrKT25uNofi/elMx8vcvNpwbkRbYgQmnGK0uR4Ig==",
      "cpu": [
        "x64"
      ],
      "optional": true,
      "os": [
        "win32"
      ]
    },
    "install": {
      "version": "0.0.182"
    },
    "load": {
      "name": "@neon-rs/load",
      "version": "0.0.182",
      "license": "MIT",
      "devDependencies": {
        "@tsconfig/node16": "^1.0.3",
        "@types/node": "^18.15.11",
        "typescript": "^5.0.4"
      }
    },
    "node_modules/@cargo-messages/android-arm-eabi": {
      "version": "0.0.177",
      "resolved": "https://registry.npmjs.org/@cargo-messages/android-arm-eabi/-/android-arm-eabi-0.0.177.tgz",
      "integrity": "sha512-On6fwJamdDik/BMR+4NVuVvEgMe1gb/QP2Menm3krf9ujTi7xfZrL1zT1DyWGt86wRHuDxCJrsfhnkzj01NaJA==",
      "cpu": [
        "arm"
      ],
      "optional": true,
      "os": [
        "android"
      ]
    },
    "node_modules/@cargo-messages/darwin-arm64": {
      "version": "0.0.177",
      "resolved": "https://registry.npmjs.org/@cargo-messages/darwin-arm64/-/darwin-arm64-0.0.177.tgz",
      "integrity": "sha512-4n64XOie1uzYscutsgJJIu9rpM+x9HepZDFKyBLWITZtTReCJ7DL7GHBbStzcCLD0ZBUKy21XpXgFk/0ojmwdA==",
      "cpu": [
        "arm64"
      ],
      "optional": true,
      "os": [
        "darwin"
      ]
    },
    "node_modules/@cargo-messages/darwin-x64": {
      "version": "0.0.177",
      "resolved": "https://registry.npmjs.org/@cargo-messages/darwin-x64/-/darwin-x64-0.0.177.tgz",
      "integrity": "sha512-LPQ6+gvNQHYF3KFNnhdeGMWSbhPmpeWp08xeUNZIsl+TWcKTo7yO7JLqe18ozdxepaXcie5u/vQC8ntMuOHZnw==",
      "cpu": [
        "x64"
      ],
      "optional": true,
      "os": [
        "darwin"
      ]
    },
    "node_modules/@cargo-messages/linux-arm-gnueabihf": {
      "version": "0.0.177",
      "resolved": "https://registry.npmjs.org/@cargo-messages/linux-arm-gnueabihf/-/linux-arm-gnueabihf-0.0.177.tgz",
      "integrity": "sha512-hZ/5w4dbRIvl3HgLQ/RDy3GOJJu+1SHE00NvIPUlzBu+88Usr8AgQIcxgwst5/w8AKXvMypIlAHaRYtN+qeFFQ==",
      "cpu": [
        "arm"
      ],
      "optional": true,
      "os": [
        "linux"
      ]
    },
    "node_modules/@cargo-messages/linux-x64-gnu": {
      "version": "0.0.177",
      "resolved": "https://registry.npmjs.org/@cargo-messages/linux-x64-gnu/-/linux-x64-gnu-0.0.177.tgz",
      "integrity": "sha512-d4aJCH4eH1hKo6+fngSg1B0Yv6eFozRFroOzQRFECNIvuwlK3Eox3cK42zCg51HnWy+kQJmqUhik6aIZFwIiOQ==",
      "cpu": [
        "x64"
      ],
      "optional": true,
      "os": [
        "linux"
      ]
    },
    "node_modules/@cargo-messages/win32-arm64-msvc": {
      "version": "0.0.177",
      "resolved": "https://registry.npmjs.org/@cargo-messages/win32-arm64-msvc/-/win32-arm64-msvc-0.0.177.tgz",
      "integrity": "sha512-W+wkB4T+mikaRveQEtf2uwBQcWzS7a3j6GB4mFtRxG81lMOH7c8t7t1VzRJtUeA1dOihupKCskaIv1/6HmKdFw==",
      "cpu": [
        "arm64"
      ],
      "optional": true,
      "os": [
        "win32"
      ]
    },
    "node_modules/@cargo-messages/win32-x64-msvc": {
      "version": "0.0.177",
      "resolved": "https://registry.npmjs.org/@cargo-messages/win32-x64-msvc/-/win32-x64-msvc-0.0.177.tgz",
      "integrity": "sha512-q8x53a7/+Q6tBtp8GwPoOKIwjPSi//siv+OpHNTPH6ev/TyKxq/XB0RdfK5DrmZ4JUO4KgZ8lD/C2myPTHyl0g==",
      "cpu": [
        "x64"
      ],
      "optional": true,
      "os": [
        "win32"
      ]
    },
    "node_modules/@neon-rs/cli": {
      "resolved": "cli",
      "link": true
    },
    "node_modules/@neon-rs/load": {
      "resolved": "load",
      "link": true
    },
    "node_modules/@tsconfig/node16": {
      "version": "1.0.4",
      "resolved": "https://registry.npmjs.org/@tsconfig/node16/-/node16-1.0.4.tgz",
      "integrity": "sha512-vxhUy4J8lyeyinH7Azl1pdd43GJhZH/tP2weN8TntQblOY+A0XbT8DJk1/oCPuOOyg/Ja757rG0CgHcWC8OfMA==",
      "dev": true
    },
    "node_modules/@types/node": {
      "version": "18.17.0",
      "resolved": "https://registry.npmjs.org/@types/node/-/node-18.17.0.tgz",
      "integrity": "sha512-GXZxEtOxYGFchyUzxvKI14iff9KZ2DI+A6a37o6EQevtg6uO9t+aUZKcaC1Te5Ng1OnLM7K9NVVj+FbecD9cJg==",
      "dev": true
    },
    "node_modules/cargo-messages": {
      "resolved": "cargo-messages",
      "link": true
    },
    "node_modules/install": {
      "resolved": "install",
      "link": true
    },
    "node_modules/typescript": {
      "version": "5.1.6",
      "resolved": "https://registry.npmjs.org/typescript/-/typescript-5.1.6.tgz",
      "integrity": "sha512-zaWCozRZ6DLEWAWFrVDz1H6FVXzUSfTy5FUMWsQlU8Ym5JP9eO4xkTIROFCQvhQf61z6O/G6ugw3SgAnvvm+HA==",
      "dev": true,
      "bin": {
        "tsc": "bin/tsc",
        "tsserver": "bin/tsserver"
      },
      "engines": {
        "node": ">=14.17"
      }
    }
  }
}
