{
  "name": "pkgs",
  "version": "0.0.164",
  "lockfileVersion": 3,
  "requires": true,
  "packages": {
    "": {
      "name": "pkgs",
      "version": "0.0.164",
      "workspaces": [
        "install",
        "load",
        "cli",
        "cargo-messages"
      ],
      "devDependencies": {
        "@neon-rs/cli": "^0.0.121"
      }
    },
    "cargo-messages": {
      "version": "0.0.164",
      "license": "MIT",
      "dependencies": {
        "@neon-rs/load": "^0.0.158"
      },
      "devDependencies": {
        "@neon-rs/cli": "^0.0.158"
      },
      "optionalDependencies": {
        "@cargo-messages/android-arm-eabi": "0.0.162",
        "@cargo-messages/darwin-arm64": "0.0.162",
        "@cargo-messages/darwin-x64": "0.0.162",
        "@cargo-messages/linux-arm-gnueabihf": "0.0.162",
        "@cargo-messages/linux-x64-gnu": "0.0.162",
        "@cargo-messages/win32-arm64-msvc": "0.0.162",
        "@cargo-messages/win32-x64-msvc": "0.0.162"
      }
    },
    "cargo-messages/node_modules/@neon-rs/cli": {
      "version": "0.0.158",
      "resolved": "https://registry.npmjs.org/@neon-rs/cli/-/cli-0.0.158.tgz",
      "integrity": "sha512-IkIJriNUqJcmfGpowMCUFrm3A6xdn4+hG+He47J/RCjz9JdiCIepzq5/Qn/AfyodcDf+MX8VWBZ7c97a9vI2MQ==",
      "dev": true,
      "bin": {
        "neon": "index.js"
      },
      "optionalDependencies": {
        "@cargo-messages/android-arm-eabi": "0.0.158",
        "@cargo-messages/darwin-arm64": "0.0.158",
        "@cargo-messages/darwin-x64": "0.0.158",
        "@cargo-messages/linux-arm-gnueabihf": "0.0.158",
        "@cargo-messages/linux-x64-gnu": "0.0.158",
        "@cargo-messages/win32-arm64-msvc": "0.0.158",
        "@cargo-messages/win32-x64-msvc": "0.0.158"
      }
    },
    "cargo-messages/node_modules/@neon-rs/cli/node_modules/@cargo-messages/android-arm-eabi": {
      "version": "0.0.158",
      "resolved": "https://registry.npmjs.org/@cargo-messages/android-arm-eabi/-/android-arm-eabi-0.0.158.tgz",
      "integrity": "sha512-aQvHtCitdQsAVx0vRgoSkZRuSttJ6AilC871rcSJZG/lhBly9KR9obi5ZgiUlU9XfdRqQe1uzLrwBnx9fPF6UA==",
      "cpu": [
        "arm"
      ],
      "dev": true,
      "optional": true,
      "os": [
        "android"
      ]
    },
    "cargo-messages/node_modules/@neon-rs/cli/node_modules/@cargo-messages/darwin-arm64": {
      "version": "0.0.158",
      "resolved": "https://registry.npmjs.org/@cargo-messages/darwin-arm64/-/darwin-arm64-0.0.158.tgz",
      "integrity": "sha512-MvnNA2kABj2re+TUrIjb5T+EvnxAGZauy+5+gnQ7xAoKomJgiYKggBsRxPjCpPYXPsIHMskx+ZFBKd7ULzrgJQ==",
      "cpu": [
        "arm64"
      ],
      "dev": true,
      "optional": true,
      "os": [
        "darwin"
      ]
    },
    "cargo-messages/node_modules/@neon-rs/cli/node_modules/@cargo-messages/darwin-x64": {
      "version": "0.0.158",
      "resolved": "https://registry.npmjs.org/@cargo-messages/darwin-x64/-/darwin-x64-0.0.158.tgz",
      "integrity": "sha512-ypj46iCvR/9rYAiIqEGp0cLV6Ty2lIAI6anEGzmhc9MSMLXFy2DDp761Xh9FFAqLFcWVMy0+e8qsNHbqpFdp6g==",
      "cpu": [
        "x64"
      ],
      "dev": true,
      "optional": true,
      "os": [
        "darwin"
      ]
    },
    "cargo-messages/node_modules/@neon-rs/cli/node_modules/@cargo-messages/linux-arm-gnueabihf": {
      "version": "0.0.158",
      "resolved": "https://registry.npmjs.org/@cargo-messages/linux-arm-gnueabihf/-/linux-arm-gnueabihf-0.0.158.tgz",
      "integrity": "sha512-AA7eETBi76wIw4EJTIuVXuiH5V1kNf9i4T94pEn0xYNZIds8SU77iSTPSgnWubydTE/IFmNRDyE4xX2uBLrrTQ==",
      "cpu": [
        "arm"
      ],
      "dev": true,
      "optional": true,
      "os": [
        "linux"
      ]
    },
    "cargo-messages/node_modules/@neon-rs/cli/node_modules/@cargo-messages/linux-x64-gnu": {
      "version": "0.0.158",
      "resolved": "https://registry.npmjs.org/@cargo-messages/linux-x64-gnu/-/linux-x64-gnu-0.0.158.tgz",
      "integrity": "sha512-Rg5L58euFgn4HCYNCQKxhVLsWT6NyonJuVX+UUnBqnBFTH8X+5JSAW+HJhqnKffSuIs3AvOhc3SR2PJ/VwR/7g==",
      "cpu": [
        "x64"
      ],
      "dev": true,
      "optional": true,
      "os": [
        "linux"
      ]
    },
    "cargo-messages/node_modules/@neon-rs/cli/node_modules/@cargo-messages/win32-arm64-msvc": {
      "version": "0.0.158",
      "resolved": "https://registry.npmjs.org/@cargo-messages/win32-arm64-msvc/-/win32-arm64-msvc-0.0.158.tgz",
      "integrity": "sha512-xChnpL6bP1xfNdF059La3w2zJg1UYBSwUEcnmKZv8E/heAif6TbyKrrPSs+6EgKHFkWf/T9sKqlcrSplKkOlgQ==",
      "cpu": [
        "arm64"
      ],
      "dev": true,
      "optional": true,
      "os": [
        "win32"
      ]
    },
    "cargo-messages/node_modules/@neon-rs/cli/node_modules/@cargo-messages/win32-x64-msvc": {
      "version": "0.0.158",
      "resolved": "https://registry.npmjs.org/@cargo-messages/win32-x64-msvc/-/win32-x64-msvc-0.0.158.tgz",
      "integrity": "sha512-xSdkYltWuTPI1N29Px4iy6EvWoyB17Fob/jiLJjTx0uG7vCm3vYrK/PbCt4U1lZB/l+JayO4VdWYhBGeTBPMMg==",
      "cpu": [
        "x64"
      ],
      "dev": true,
      "optional": true,
      "os": [
        "win32"
      ]
    },
    "cargo-messages/node_modules/@neon-rs/load": {
      "version": "0.0.158",
      "resolved": "https://registry.npmjs.org/@neon-rs/load/-/load-0.0.158.tgz",
      "integrity": "sha512-zRkipoCMyu5eFdusb5DOcId/8zC/6xtM9+cM1E93AWAQvlEX2+PqFiltz6Fk57f6iZ6ASWrpdyqlzzGUHS9pbw=="
    },
    "cli": {
      "name": "@neon-rs/cli",
      "version": "0.0.164",
      "license": "MIT",
      "bin": {
        "neon": "index.js"
      },
      "optionalDependencies": {
        "@cargo-messages/android-arm-eabi": "0.0.162",
        "@cargo-messages/darwin-arm64": "0.0.162",
        "@cargo-messages/darwin-x64": "0.0.162",
        "@cargo-messages/linux-arm-gnueabihf": "0.0.162",
        "@cargo-messages/linux-x64-gnu": "0.0.162",
        "@cargo-messages/win32-arm64-msvc": "0.0.162",
        "@cargo-messages/win32-x64-msvc": "0.0.162"
      }
    },
    "install": {
      "version": "0.0.164"
    },
    "load": {
      "name": "@neon-rs/load",
      "version": "0.0.164",
      "license": "MIT",
      "devDependencies": {
        "@tsconfig/node16": "^1.0.3",
        "@types/node": "^18.15.11",
        "typescript": "^5.0.4"
      }
    },
    "node_modules/@cargo-messages/android-arm-eabi": {
      "version": "0.0.162",
      "resolved": "https://registry.npmjs.org/@cargo-messages/android-arm-eabi/-/android-arm-eabi-0.0.162.tgz",
      "integrity": "sha512-qONMIla1wA+zDMGOJCE3WwQSwJNux5eK1TwRt633WRZHMXZQTrgskYPh05MeEkk5JhI+E41AWrVnXMfmNsS4kQ==",
      "cpu": [
        "arm"
      ],
      "optional": true,
      "os": [
        "android"
      ]
    },
    "node_modules/@cargo-messages/darwin-arm64": {
      "version": "0.0.162",
      "resolved": "https://registry.npmjs.org/@cargo-messages/darwin-arm64/-/darwin-arm64-0.0.162.tgz",
      "integrity": "sha512-JDKu0CuZ1tcZU9nAcvidG7ryOItzHWUCs0sGRhNycjxbBB+fKBoqXEbZyuQgDocit9kYao1i/uryQF76eJyQog==",
      "cpu": [
        "arm64"
      ],
      "optional": true,
      "os": [
        "darwin"
      ]
    },
    "node_modules/@cargo-messages/darwin-x64": {
      "version": "0.0.162",
      "resolved": "https://registry.npmjs.org/@cargo-messages/darwin-x64/-/darwin-x64-0.0.162.tgz",
      "integrity": "sha512-O2wgs/byuidsYnBRVCxUecRr3t+iQoSOnQHWaTEE/OvY/MgycWGwa/ChvNU4h8yN86PUIyjAqiavb86CcAkstQ==",
      "cpu": [
        "x64"
      ],
      "optional": true,
      "os": [
        "darwin"
      ]
    },
    "node_modules/@cargo-messages/linux-arm-gnueabihf": {
      "version": "0.0.162",
      "resolved": "https://registry.npmjs.org/@cargo-messages/linux-arm-gnueabihf/-/linux-arm-gnueabihf-0.0.162.tgz",
      "integrity": "sha512-XBm1Dd0eEhwrcMwqsaAGMRvxn/QvzCUX7Lmbcv2LKFZf0FQhWx9+kLkL+6r7OwiGAfsxkvO5tSq0dqaXyuQOog==",
      "cpu": [
        "arm"
      ],
      "optional": true,
      "os": [
        "linux"
      ]
    },
    "node_modules/@cargo-messages/linux-x64-gnu": {
      "version": "0.0.162",
      "resolved": "https://registry.npmjs.org/@cargo-messages/linux-x64-gnu/-/linux-x64-gnu-0.0.162.tgz",
      "integrity": "sha512-+YP1KlLsWODB8wsWb8IW9c4rAu8m67BGCn9HZkoYspkAcX7PuaK9VL3J3DegtgCz0IhubbWnyOwE2nNtQjJb/g==",
      "cpu": [
        "x64"
      ],
      "optional": true,
      "os": [
        "linux"
      ]
    },
    "node_modules/@cargo-messages/win32-arm64-msvc": {
      "version": "0.0.162",
      "resolved": "https://registry.npmjs.org/@cargo-messages/win32-arm64-msvc/-/win32-arm64-msvc-0.0.162.tgz",
      "integrity": "sha512-2DLnLHDWLDJ0BvQsOHkhn56ulZNozKE+k8PLpKqzbmAUE+XZ1H+MtIgkSIEVlWGWG1DFVxzI/EiaNl3JY8Ving==",
      "cpu": [
        "arm64"
      ],
      "optional": true,
      "os": [
        "win32"
      ]
    },
    "node_modules/@cargo-messages/win32-x64-msvc": {
      "version": "0.0.162",
      "resolved": "https://registry.npmjs.org/@cargo-messages/win32-x64-msvc/-/win32-x64-msvc-0.0.162.tgz",
      "integrity": "sha512-hTaBVb5r3ysywMyLXXEWr15e2vEg9q6kN+zj+EWsWPLZNp0BV+Td5UNp+lFsGilMgN9cC/TICq33DPoUr/n/Xg==",
      "cpu": [
        "x64"
      ],
      "optional": true,
      "os": [
        "win32"
      ]
    },
    "node_modules/@neon-rs/cli": {
      "resolved": "cli",
      "link": true
    },
    "node_modules/@neon-rs/load": {
      "resolved": "load",
      "link": true
    },
    "node_modules/@tsconfig/node16": {
      "version": "1.0.4",
      "resolved": "https://registry.npmjs.org/@tsconfig/node16/-/node16-1.0.4.tgz",
      "integrity": "sha512-vxhUy4J8lyeyinH7Azl1pdd43GJhZH/tP2weN8TntQblOY+A0XbT8DJk1/oCPuOOyg/Ja757rG0CgHcWC8OfMA==",
      "dev": true
    },
    "node_modules/@types/node": {
      "version": "18.17.0",
      "resolved": "https://registry.npmjs.org/@types/node/-/node-18.17.0.tgz",
      "integrity": "sha512-GXZxEtOxYGFchyUzxvKI14iff9KZ2DI+A6a37o6EQevtg6uO9t+aUZKcaC1Te5Ng1OnLM7K9NVVj+FbecD9cJg==",
      "dev": true
    },
    "node_modules/cargo-messages": {
      "resolved": "cargo-messages",
      "link": true
    },
    "node_modules/install": {
      "resolved": "install",
      "link": true
    },
    "node_modules/typescript": {
      "version": "5.1.6",
      "resolved": "https://registry.npmjs.org/typescript/-/typescript-5.1.6.tgz",
      "integrity": "sha512-zaWCozRZ6DLEWAWFrVDz1H6FVXzUSfTy5FUMWsQlU8Ym5JP9eO4xkTIROFCQvhQf61z6O/G6ugw3SgAnvvm+HA==",
      "dev": true,
      "bin": {
        "tsc": "bin/tsc",
        "tsserver": "bin/tsserver"
      },
      "engines": {
        "node": ">=14.17"
      }
    }
  }
}
