{
  "name": "pkgs",
  "version": "0.1.67",
  "lockfileVersion": 3,
  "requires": true,
  "packages": {
    "": {
      "name": "pkgs",
      "version": "0.1.67",
      "workspaces": [
        "load",
        "cargo-messages"
      ]
    },
    "cargo-messages": {
      "version": "0.1.67",
      "license": "MIT",
      "dependencies": {
        "@neon-rs/load": "^0.1.49"
      },
      "devDependencies": {
        "@neon-rs/cli": "^0.1.67"
      }
    },
    "load": {
      "name": "@neon-rs/load",
      "version": "0.1.67",
      "license": "MIT",
      "devDependencies": {
        "@tsconfig/node16": "^16.1.1",
        "@types/node": "^18.15.11",
        "typescript": "^5.0.4"
      }
    },
    "node_modules/@cargo-messages/android-arm-eabi": {
      "version": "0.1.66",
      "resolved": "https://registry.npmjs.org/@cargo-messages/android-arm-eabi/-/android-arm-eabi-0.1.66.tgz",
      "integrity": "sha512-FH7bjqofQWt8ktUB91xSt63AfCZUmJUxu/ild3/OX7uCdGBwJ2vHXQppjnervEuYya7O5CoTZ+FNUhqVFMAkdw==",
      "cpu": [
        "arm"
      ],
      "dev": true,
      "optional": true,
      "os": [
        "android"
      ]
    },
    "node_modules/@cargo-messages/darwin-arm64": {
      "version": "0.1.66",
      "resolved": "https://registry.npmjs.org/@cargo-messages/darwin-arm64/-/darwin-arm64-0.1.66.tgz",
      "integrity": "sha512-1eLV3JeCWAIAJ+Cy79oA475neGQU/nQgc0Y11tBJOHu5CDIU8+1zTfdRKRgA3PupqKgNmBJGM896+SXtdNE5YA==",
      "cpu": [
        "arm64"
      ],
      "dev": true,
      "optional": true,
      "os": [
        "darwin"
      ]
    },
    "node_modules/@cargo-messages/darwin-x64": {
      "version": "0.1.66",
      "resolved": "https://registry.npmjs.org/@cargo-messages/darwin-x64/-/darwin-x64-0.1.66.tgz",
      "integrity": "sha512-cfvcXvRL1MTE/Ny7ukmcv7ZFosXhOiEYn5btvfvxLtsKnO5ZIerUqGtRDhVp1YAUNQinhDdUQTSJNxzvvVWmwg==",
      "cpu": [
        "x64"
      ],
      "dev": true,
      "optional": true,
      "os": [
        "darwin"
      ]
    },
    "node_modules/@cargo-messages/linux-arm-gnueabihf": {
      "version": "0.1.66",
      "resolved": "https://registry.npmjs.org/@cargo-messages/linux-arm-gnueabihf/-/linux-arm-gnueabihf-0.1.66.tgz",
      "integrity": "sha512-9TNknBFrxZrTRuDodiWJgI8iyKTw0KKIm9s89AgguR23hQaNmpm7Ziwdp4V0FCA7EOs5El47KAFDNFV/SgeeoA==",
      "cpu": [
        "arm"
      ],
      "dev": true,
      "optional": true,
      "os": [
        "linux"
      ]
    },
    "node_modules/@cargo-messages/linux-x64-gnu": {
      "version": "0.1.66",
      "resolved": "https://registry.npmjs.org/@cargo-messages/linux-x64-gnu/-/linux-x64-gnu-0.1.66.tgz",
      "integrity": "sha512-knFJIzGNco/onabi3pubuuikL/TR5y0IbS5lFq/wTNzijazFOU7r/ihBOewJlrlAuiWRl1nxueLXaiAwXWXDng==",
      "cpu": [
        "x64"
      ],
      "dev": true,
      "optional": true,
      "os": [
        "linux"
      ]
    },
    "node_modules/@cargo-messages/win32-arm64-msvc": {
      "version": "0.1.66",
      "resolved": "https://registry.npmjs.org/@cargo-messages/win32-arm64-msvc/-/win32-arm64-msvc-0.1.66.tgz",
      "integrity": "sha512-bORY5s7D7rgA//KfTNox1PxLWwmjNrIaPolHk4cAh9DnYDpehQncUNBCq1RlwuwhY28D8bqMUClPdDf/Gl45HQ==",
      "cpu": [
        "arm64"
      ],
      "dev": true,
      "optional": true,
      "os": [
        "win32"
      ]
    },
    "node_modules/@cargo-messages/win32-x64-msvc": {
      "version": "0.1.66",
      "resolved": "https://registry.npmjs.org/@cargo-messages/win32-x64-msvc/-/win32-x64-msvc-0.1.66.tgz",
      "integrity": "sha512-zgRYHP1VC+YeAZQ4aGfKpM7dFCyV2tB9O1zMfH99YC+VVwwRA69ZIOB/TtmQtMXkGLnuOC+4QPlD5VO5OI6+Qg==",
      "cpu": [
        "x64"
      ],
      "dev": true,
      "optional": true,
      "os": [
        "win32"
      ]
    },
    "node_modules/@neon-rs/cli": {
      "version": "0.1.67",
      "resolved": "https://registry.npmjs.org/@neon-rs/cli/-/cli-0.1.67.tgz",
      "integrity": "sha512-cvSNhlnlV4je1agZN+VycRt8AGo6ny0D6dbWuEfaNbNwiU9RCOFrqAmjVFejBEI1MumDFio2XNr8SmQeaUYgXw==",
      "dev": true,
      "bin": {
        "neon": "index.js"
      },
      "optionalDependencies": {
        "@cargo-messages/android-arm-eabi": "0.1.66",
        "@cargo-messages/darwin-arm64": "0.1.66",
        "@cargo-messages/darwin-x64": "0.1.66",
        "@cargo-messages/linux-arm-gnueabihf": "0.1.66",
        "@cargo-messages/linux-x64-gnu": "0.1.66",
        "@cargo-messages/win32-arm64-msvc": "0.1.66",
        "@cargo-messages/win32-x64-msvc": "0.1.66"
      }
    },
    "node_modules/@neon-rs/load": {
      "resolved": "load",
      "link": true
    },
    "node_modules/@tsconfig/node16": {
      "version": "16.1.1",
      "resolved": "https://registry.npmjs.org/@tsconfig/node16/-/node16-16.1.1.tgz",
      "integrity": "sha512-+pio93ejHN4nINX4pXqfnR/fPLRtJBaT4ORaa5RH0Oc1zoYmo2B2koG+M328CQhHKn1Wj6FcOxCDFXAot9NhvA==",
      "dev": true
    },
    "node_modules/@types/node": {
      "version": "18.19.21",
      "resolved": "https://registry.npmjs.org/@types/node/-/node-18.19.21.tgz",
      "integrity": "sha512-2Q2NeB6BmiTFQi4DHBzncSoq/cJMLDdhPaAoJFnFCyD9a8VPZRf7a1GAwp1Edb7ROaZc5Jz/tnZyL6EsWMRaqw==",
      "dev": true,
      "dependencies": {
        "undici-types": "~5.26.4"
      }
    },
    "node_modules/cargo-messages": {
      "resolved": "cargo-messages",
      "link": true
    },
    "node_modules/typescript": {
      "version": "5.3.3",
      "resolved": "https://registry.npmjs.org/typescript/-/typescript-5.3.3.tgz",
      "integrity": "sha512-pXWcraxM0uxAS+tN0AG/BF2TyqmHO014Z070UsJ+pFvYuRSq8KH8DmWpnbXe0pEPDHXZV3FcAbJkijJ5oNEnWw==",
      "dev": true,
      "bin": {
        "tsc": "bin/tsc",
        "tsserver": "bin/tsserver"
      },
      "engines": {
        "node": ">=14.17"
      }
    },
    "node_modules/undici-types": {
      "version": "5.26.5",
      "resolved": "https://registry.npmjs.org/undici-types/-/undici-types-5.26.5.tgz",
      "integrity": "sha512-JlCMO+ehdEIKqlFxk6IfVoAUVmgz7cU7zD/h9XZ0qzeosSHmUJVOzSQvvYSYWXkFXC+IfLKSIffhv0sVZup6pA==",
      "dev": true
    }
  }
}
