{
  "name": "cargo-messages",
  "version": "0.0.97",
  "lockfileVersion": 3,
  "requires": true,
  "packages": {
    "": {
      "name": "cargo-messages",
      "version": "0.0.97",
      "license": "MIT",
      "dependencies": {
        "@neon-rs/load": "^0.0.4"
      },
      "devDependencies": {
        "@neon-rs/cli": "0.0.5"
      }
    },
    "node_modules/@neon-rs/cli": {
      "version": "0.0.5",
      "resolved": "https://registry.npmjs.org/@neon-rs/cli/-/cli-0.0.5.tgz",
      "integrity": "sha512-wN0CZNtBX33bpVRSQ+XReyH+ytNYQZ0vDHZUUKgnsHcJE/n8xtURo7nAg1q/AjIEzLK1P9JnjewGpEKbUvqqGQ==",
      "dev": true,
      "bin": {
        "neon": "index.js"
      }
    },
    "node_modules/@neon-rs/load": {
      "version": "0.0.4",
      "resolved": "https://registry.npmjs.org/@neon-rs/load/-/load-0.0.4.tgz",
      "integrity": "sha512-kTPhdZyTQxB+2wpiRcFWrDcejc4JI6tkPuS7UZCG4l6Zvc5kU/gGQ/ozvHTh1XR5tS+UlfAfGuPajjzQjCiHCw=="
    }
  }
}
